
Microsoft Visual Studio Solution File, Format Version 12.00
# Visual Studio Express 2013 for Web
VisualStudioVersion = 12.0.21005.1
MinimumVisualStudioVersion = 10.0.40219.1
Project("{FAE04EC0-301F-11D3-BF4B-00C04F79EFBC}") = "PLCT1.DataAccess", "PLCT1.DataAccess\PLCT1.DataAccess.csproj", "{0A1BF8BB-3C80-40E0-8532-10F616B10780}"
EndProject
Project("{FAE04EC0-301F-11D3-BF4B-00C04F79EFBC}") = "PLCT1", "PLCT1\PLCT1.csproj", "{51BBEC7F-E7E2-4355-89CF-18F7E845F8EA}"
EndProject
Project("{FAE04EC0-301F-11D3-BF4B-00C04F79EFBC}") = "PLCT1.WebAPI", "PLCT1.WebAPI\PLCT1.WebAPI.csproj", "{0708FC9D-0EAC-4ED1-AF71-136D594DE659}"
EndProject
Global
	GlobalSection(SolutionConfigurationPlatforms) = preSolution
		Debug|Any CPU = Debug|Any CPU
		Release|Any CPU = Release|Any CPU
	EndGlobalSection
	GlobalSection(ProjectConfigurationPlatforms) = postSolution
		{0A1BF8BB-3C80-40E0-8532-10F616B10780}.Debug|Any CPU.ActiveCfg = Debug|Any CPU
		{0A1BF8BB-3C80-40E0-8532-10F616B10780}.Debug|Any CPU.Build.0 = Debug|Any CPU
		{0A1BF8BB-3C80-40E0-8532-10F616B10780}.Release|Any CPU.ActiveCfg = Release|Any CPU
		{0A1BF8BB-3C80-40E0-8532-10F616B10780}.Release|Any CPU.Build.0 = Release|Any CPU
		{51BBEC7F-E7E2-4355-89CF-18F7E845F8EA}.Debug|Any CPU.ActiveCfg = Debug|Any CPU
		{51BBEC7F-E7E2-4355-89CF-18F7E845F8EA}.Debug|Any CPU.Build.0 = Debug|Any CPU
		{51BBEC7F-E7E2-4355-89CF-18F7E845F8EA}.Release|Any CPU.ActiveCfg = Release|Any CPU
		{51BBEC7F-E7E2-4355-89CF-18F7E845F8EA}.Release|Any CPU.Build.0 = Release|Any CPU
		{0708FC9D-0EAC-4ED1-AF71-136D594DE659}.Debug|Any CPU.ActiveCfg = Debug|Any CPU
		{0708FC9D-0EAC-4ED1-AF71-136D594DE659}.Debug|Any CPU.Build.0 = Debug|Any CPU
		{0708FC9D-0EAC-4ED1-AF71-136D594DE659}.Release|Any CPU.ActiveCfg = Release|Any CPU
		{0708FC9D-0EAC-4ED1-AF71-136D594DE659}.Release|Any CPU.Build.0 = Release|Any CPU
	EndGlobalSection
	GlobalSection(SolutionProperties) = preSolution
		HideSolutionNode = FALSE
	EndGlobalSection
EndGlobal
